
Microsoft Visual Studio Solution File, Format Version 12.00
# Visual Studio 2012
Project("{FAE04EC0-301F-11D3-BF4B-00C04F79EFBC}") = "Phoneword_iOS", "Phoneword_iOS\Phoneword_iOS.csproj", "{C9E2BB20-055C-4743-A9BE-C24BE15EEA08}"
EndProject
Global
	GlobalSection(SolutionConfigurationPlatforms) = preSolution
		Debug|iPhoneSimulator = Debug|iPhoneSimulator
		Release|iPhone = Release|iPhone
		Release|iPhoneSimulator = Release|iPhoneSimulator
		Debug|iPhone = Debug|iPhone
	EndGlobalSection
	GlobalSection(ProjectConfigurationPlatforms) = postSolution
		{C9E2BB20-055C-4743-A9BE-C24BE15EEA08}.Debug|iPhoneSimulator.ActiveCfg = Debug|iPhoneSimulator
		{C9E2BB20-055C-4743-A9BE-C24BE15EEA08}.Debug|iPhoneSimulator.Build.0 = Debug|iPhoneSimulator
		{C9E2BB20-055C-4743-A9BE-C24BE15EEA08}.Release|iPhone.ActiveCfg = Release|iPhone
		{C9E2BB20-055C-4743-A9BE-C24BE15EEA08}.Release|iPhone.Build.0 = Release|iPhone
		{C9E2BB20-055C-4743-A9BE-C24BE15EEA08}.Release|iPhoneSimulator.ActiveCfg = Release|iPhoneSimulator
		{C9E2BB20-055C-4743-A9BE-C24BE15EEA08}.Release|iPhoneSimulator.Build.0 = Release|iPhoneSimulator
		{C9E2BB20-055C-4743-A9BE-C24BE15EEA08}.Debug|iPhone.ActiveCfg = Debug|iPhone
		{C9E2BB20-055C-4743-A9BE-C24BE15EEA08}.Debug|iPhone.Build.0 = Debug|iPhone
	EndGlobalSection
EndGlobal
